
Microsoft Visual Studio Solution File, Format Version 12.00
# Visual Studio 15
Project("{FAE04EC0-301F-11D3-BF4B-00C04F79EFBC}") = "TP5_AppliOrienteeServices", "TP5_AppliOrienteeServices\TP5_AppliOrienteeServices.csproj", "{9EDFA9F8-2B44-4C46-A799-F89467116E76}"
EndProject
Global
	GlobalSection(SolutionConfigurationPlatforms) = preSolution
		Debug|anycpu = Debug|anycpu
		Release|anycpu = Release|anycpu
	EndGlobalSection
	GlobalSection(ProjectConfigurationPlatforms) = postSolution
		{9EDFA9F8-2B44-4C46-A799-F89467116E76}.Debug|anycpu.ActiveCfg = Debug|anycpu
		{9EDFA9F8-2B44-4C46-A799-F89467116E76}.Debug|anycpu.Build.0 = Debug|anycpu
		{9EDFA9F8-2B44-4C46-A799-F89467116E76}.Release|anycpu.ActiveCfg = Release|anycpu
		{9EDFA9F8-2B44-4C46-A799-F89467116E76}.Release|anycpu.Build.0 = Release|anycpu
	EndGlobalSection
EndGlobal
